
Microsoft Visual Studio Solution File, Format Version 12.00
Project("{FAE04EC0-301F-11D3-BF4B-00C04F79EFBC}") = "4thWallCafe.MVC", "4thWallCafe.MVC\4thWallCafe.MVC.csproj", "{ACB2B1CC-250D-4D5A-816A-AD4CD54F985C}"
EndProject
Global
	GlobalSection(SolutionConfigurationPlatforms) = preSolution
		Debug|Any CPU = Debug|Any CPU
		Release|Any CPU = Release|Any CPU
	EndGlobalSection
	GlobalSection(ProjectConfigurationPlatforms) = postSolution
		{ACB2B1CC-250D-4D5A-816A-AD4CD54F985C}.Debug|Any CPU.ActiveCfg = Debug|Any CPU
		{ACB2B1CC-250D-4D5A-816A-AD4CD54F985C}.Debug|Any CPU.Build.0 = Debug|Any CPU
		{ACB2B1CC-250D-4D5A-816A-AD4CD54F985C}.Release|Any CPU.ActiveCfg = Release|Any CPU
		{ACB2B1CC-250D-4D5A-816A-AD4CD54F985C}.Release|Any CPU.Build.0 = Release|Any CPU
	EndGlobalSection
EndGlobal
